
Microsoft Visual Studio Solution File, Format Version 12.00
# Visual Studio Version 17
VisualStudioVersion = 17.14.36109.1
MinimumVisualStudioVersion = 10.0.40219.1
Project("{FAE04EC0-301F-11D3-BF4B-00C04F79EFBC}") = "TerrariumGardenTech.API", "TerrariumGardenTech.API\TerrariumGardenTech.API.csproj", "{D6BDFEEE-9A8B-48D8-A609-434795BF04D5}"
EndProject
Project("{FAE04EC0-301F-11D3-BF4B-00C04F79EFBC}") = "TerrariumGardenTech.Repositories", "TerrariumGardenTech.Repositories\TerrariumGardenTech.Repositories.csproj", "{08C58702-839B-470F-89DE-0C1BD3F9871C}"
EndProject
Project("{FAE04EC0-301F-11D3-BF4B-00C04F79EFBC}") = "TerrariumGardenTech.Service", "TerrariumGardenTech.Service\TerrariumGardenTech.Service.csproj", "{00C42277-CCD0-473B-941B-7167938D1968}"
EndProject
Global
	GlobalSection(SolutionConfigurationPlatforms) = preSolution
		Debug|Any CPU = Debug|Any CPU
		Release|Any CPU = Release|Any CPU
	EndGlobalSection
	GlobalSection(ProjectConfigurationPlatforms) = postSolution
		{D6BDFEEE-9A8B-48D8-A609-434795BF04D5}.Debug|Any CPU.ActiveCfg = Debug|Any CPU
		{D6BDFEEE-9A8B-48D8-A609-434795BF04D5}.Debug|Any CPU.Build.0 = Debug|Any CPU
		{D6BDFEEE-9A8B-48D8-A609-434795BF04D5}.Release|Any CPU.ActiveCfg = Release|Any CPU
		{D6BDFEEE-9A8B-48D8-A609-434795BF04D5}.Release|Any CPU.Build.0 = Release|Any CPU
		{08C58702-839B-470F-89DE-0C1BD3F9871C}.Debug|Any CPU.ActiveCfg = Debug|Any CPU
		{08C58702-839B-470F-89DE-0C1BD3F9871C}.Debug|Any CPU.Build.0 = Debug|Any CPU
		{08C58702-839B-470F-89DE-0C1BD3F9871C}.Release|Any CPU.ActiveCfg = Release|Any CPU
		{08C58702-839B-470F-89DE-0C1BD3F9871C}.Release|Any CPU.Build.0 = Release|Any CPU
		{00C42277-CCD0-473B-941B-7167938D1968}.Debug|Any CPU.ActiveCfg = Debug|Any CPU
		{00C42277-CCD0-473B-941B-7167938D1968}.Debug|Any CPU.Build.0 = Debug|Any CPU
		{00C42277-CCD0-473B-941B-7167938D1968}.Release|Any CPU.ActiveCfg = Release|Any CPU
		{00C42277-CCD0-473B-941B-7167938D1968}.Release|Any CPU.Build.0 = Release|Any CPU
	EndGlobalSection
	GlobalSection(SolutionProperties) = preSolution
		HideSolutionNode = FALSE
	EndGlobalSection
	GlobalSection(ExtensibilityGlobals) = postSolution
		SolutionGuid = {EA6875F3-179C-4079-A7DD-B29437F898FC}
	EndGlobalSection
EndGlobal
